
Microsoft Visual Studio Solution File, Format Version 12.00
# Visual Studio Version 17
VisualStudioVersion = 17.14.36429.23 d17.14
MinimumVisualStudioVersion = 10.0.40219.1
Project("{FAE04EC0-301F-11D3-BF4B-00C04F79EFBC}") = "RentalTourismSystem", "RentalTourismSystem\RentalTourismSystem.csproj", "{6395039C-C439-423C-97AD-A8AD07F5375B}"
EndProject
Global
	GlobalSection(SolutionConfigurationPlatforms) = preSolution
		Debug|Any CPU = Debug|Any CPU
		Release|Any CPU = Release|Any CPU
	EndGlobalSection
	GlobalSection(ProjectConfigurationPlatforms) = postSolution
		{6395039C-C439-423C-97AD-A8AD07F5375B}.Debug|Any CPU.ActiveCfg = Debug|Any CPU
		{6395039C-C439-423C-97AD-A8AD07F5375B}.Debug|Any CPU.Build.0 = Debug|Any CPU
		{6395039C-C439-423C-97AD-A8AD07F5375B}.Release|Any CPU.ActiveCfg = Release|Any CPU
		{6395039C-C439-423C-97AD-A8AD07F5375B}.Release|Any CPU.Build.0 = Release|Any CPU
	EndGlobalSection
	GlobalSection(SolutionProperties) = preSolution
		HideSolutionNode = FALSE
	EndGlobalSection
	GlobalSection(ExtensibilityGlobals) = postSolution
		SolutionGuid = {5E37D920-DC7A-46EE-93A4-BCC224B2BA54}
	EndGlobalSection
EndGlobal
